
Microsoft Visual Studio Solution File, Format Version 12.00
# Visual Studio Version 17
VisualStudioVersion = 17.4.33403.182
MinimumVisualStudioVersion = 10.0.40219.1
Project("{FAE04EC0-301F-11D3-BF4B-00C04F79EFBC}") = "ex13", "ex13\ex13.csproj", "{83D41F97-67F8-4219-B405-C6AC89E3F361}"
EndProject
Global
	GlobalSection(SolutionConfigurationPlatforms) = preSolution
		Debug|Any CPU = Debug|Any CPU
		Release|Any CPU = Release|Any CPU
	EndGlobalSection
	GlobalSection(ProjectConfigurationPlatforms) = postSolution
		{83D41F97-67F8-4219-B405-C6AC89E3F361}.Debug|Any CPU.ActiveCfg = Debug|Any CPU
		{83D41F97-67F8-4219-B405-C6AC89E3F361}.Debug|Any CPU.Build.0 = Debug|Any CPU
		{83D41F97-67F8-4219-B405-C6AC89E3F361}.Release|Any CPU.ActiveCfg = Release|Any CPU
		{83D41F97-67F8-4219-B405-C6AC89E3F361}.Release|Any CPU.Build.0 = Release|Any CPU
	EndGlobalSection
	GlobalSection(SolutionProperties) = preSolution
		HideSolutionNode = FALSE
	EndGlobalSection
	GlobalSection(ExtensibilityGlobals) = postSolution
		SolutionGuid = {824C600D-2A1B-434C-9291-1107CC76D074}
	EndGlobalSection
EndGlobal
